# This file is automatically @generated by Cargo.
# It is not intended for manual editing.
version = 3

[[package]]
name = "aho-corasick"
version = "1.0.2"
source = "registry+https://github.com/rust-lang/crates.io-index"
checksum = "43f6cb1bf222025340178f382c426f13757b2960e89779dfcb319c32542a5a41"
dependencies = [
 "memchr",
]

[[package]]
name = "anes"
version = "0.1.6"
source = "registry+https://github.com/rust-lang/crates.io-index"
checksum = "4b46cbb362ab8752921c97e041f5e366ee6297bd428a31275b9fcf1e380f7299"

[[package]]
name = "anstream"
version = "0.3.2"
source = "registry+https://github.com/rust-lang/crates.io-index"
checksum = "0ca84f3628370c59db74ee214b3263d58f9aadd9b4fe7e711fd87dc452b7f163"
dependencies = [
 "anstyle",
 "anstyle-parse",
 "anstyle-query",
 "anstyle-wincon",
 "colorchoice",
 "is-terminal",
 "utf8parse",
]

[[package]]
name = "anstyle"
version = "1.0.1"
source = "registry+https://github.com/rust-lang/crates.io-index"
checksum = "3a30da5c5f2d5e72842e00bcb57657162cdabef0931f40e2deb9b4140440cecd"

[[package]]
name = "anstyle-parse"
version = "0.2.1"
source = "registry+https://github.com/rust-lang/crates.io-index"
checksum = "938874ff5980b03a87c5524b3ae5b59cf99b1d6bc836848df7bc5ada9643c333"
dependencies = [
 "utf8parse",
]

[[package]]
name = "anstyle-query"
version = "1.0.0"
source = "registry+https://github.com/rust-lang/crates.io-index"
checksum = "5ca11d4be1bab0c8bc8734a9aa7bf4ee8316d462a08c6ac5052f888fef5b494b"
dependencies = [
 "windows-sys 0.48.0",
]

[[package]]
name = "anstyle-wincon"
version = "1.0.1"
source = "registry+https://github.com/rust-lang/crates.io-index"
checksum = "180abfa45703aebe0093f79badacc01b8fd4ea2e35118747e5811127f926e188"
dependencies = [
 "anstyle",
 "windows-sys 0.48.0",
]

[[package]]
name = "anyhow"
version = "1.0.41"
source = "registry+https://github.com/rust-lang/crates.io-index"
checksum = "15af2628f6890fe2609a3b91bef4c83450512802e59489f9c1cb1fa5df064a61"

[[package]]
name = "atty"
version = "0.2.14"
source = "registry+https://github.com/rust-lang/crates.io-index"
checksum = "d9b39be18770d11421cdb1b9947a45dd3f37e93092cbf377614828a319d5fee8"
dependencies = [
 "hermit-abi 0.1.18",
 "libc",
 "winapi",
]

[[package]]
name = "autocfg"
version = "1.1.0"
source = "registry+https://github.com/rust-lang/crates.io-index"
checksum = "d468802bab17cbc0cc575e9b053f41e72aa36bfa6b7f55e3529ffa43161b97fa"

[[package]]
name = "bitflags"
version = "1.3.2"
source = "registry+https://github.com/rust-lang/crates.io-index"
checksum = "bef38d45163c2f1dde094a7dfd33ccf595c92905c8f8f4fdc18d06fb1037718a"

[[package]]
name = "block-buffer"
version = "0.10.3"
source = "registry+https://github.com/rust-lang/crates.io-index"
checksum = "69cce20737498f97b993470a6e536b8523f0af7892a4f928cceb1ac5e52ebe7e"
dependencies = [
 "generic-array",
]

[[package]]
name = "bumpalo"
version = "3.7.0"
source = "registry+https://github.com/rust-lang/crates.io-index"
checksum = "9c59e7af012c713f529e7a3ee57ce9b31ddd858d4b512923602f74608b009631"

[[package]]
name = "cast"
version = "0.3.0"
source = "registry+https://github.com/rust-lang/crates.io-index"
checksum = "37b2a672a2cb129a2e41c10b1224bb368f9f37a2b16b612598138befd7b37eb5"

[[package]]
name = "cc"
version = "1.0.68"
source = "registry+https://github.com/rust-lang/crates.io-index"
checksum = "4a72c244c1ff497a746a7e1fb3d14bd08420ecda70c8f25c7112f2781652d787"
dependencies = [
 "jobserver",
]

[[package]]
name = "cfg-if"
version = "1.0.0"
source = "registry+https://github.com/rust-lang/crates.io-index"
checksum = "baf1de4339761588bc0619e3cbc0120ee582ebb74b53b4efbf79117bd2da40fd"

[[package]]
name = "chrono"
version = "0.4.19"
source = "registry+https://github.com/rust-lang/crates.io-index"
checksum = "670ad68c9088c2a963aaa298cb369688cf3f9465ce5e2d4ca10e6e0098a1ce73"
dependencies = [
 "libc",
 "num-integer",
 "num-traits",
 "time",
 "winapi",
]

[[package]]
name = "ciborium"
version = "0.2.1"
source = "registry+https://github.com/rust-lang/crates.io-index"
checksum = "effd91f6c78e5a4ace8a5d3c0b6bfaec9e2baaef55f3efc00e45fb2e477ee926"
dependencies = [
 "ciborium-io",
 "ciborium-ll",
 "serde",
]

[[package]]
name = "ciborium-io"
version = "0.2.1"
source = "registry+https://github.com/rust-lang/crates.io-index"
checksum = "cdf919175532b369853f5d5e20b26b43112613fd6fe7aee757e35f7a44642656"

[[package]]
name = "ciborium-ll"
version = "0.2.1"
source = "registry+https://github.com/rust-lang/crates.io-index"
checksum = "defaa24ecc093c77630e6c15e17c51f5e187bf35ee514f4e2d67baaa96dae22b"
dependencies = [
 "ciborium-io",
 "half",
]

[[package]]
name = "clap"
version = "3.2.25"
source = "registry+https://github.com/rust-lang/crates.io-index"
checksum = "4ea181bf566f71cb9a5d17a59e1871af638180a18fb0035c92ae62b705207123"
dependencies = [
 "bitflags",
 "clap_lex 0.2.4",
 "indexmap",
 "textwrap",
]

[[package]]
name = "clap"
version = "4.3.11"
source = "registry+https://github.com/rust-lang/crates.io-index"
checksum = "1640e5cc7fb47dbb8338fd471b105e7ed6c3cb2aeb00c2e067127ffd3764a05d"
dependencies = [
 "clap_builder",
]

[[package]]
name = "clap_builder"
version = "4.3.11"
source = "registry+https://github.com/rust-lang/crates.io-index"
checksum = "98c59138d527eeaf9b53f35a77fcc1fad9d883116070c63d5de1c7dc7b00c72b"
dependencies = [
 "anstream",
 "anstyle",
 "clap_lex 0.5.0",
 "once_cell",
 "strsim",
 "terminal_size 0.2.6",
]

[[package]]
name = "clap_lex"
version = "0.2.4"
source = "registry+https://github.com/rust-lang/crates.io-index"
checksum = "2850f2f5a82cbf437dd5af4d49848fbdfc27c157c3d010345776f952765261c5"
dependencies = [
 "os_str_bytes",
]

[[package]]
name = "clap_lex"
version = "0.5.0"
source = "registry+https://github.com/rust-lang/crates.io-index"
checksum = "2da6da31387c7e4ef160ffab6d5e7f00c42626fe39aea70a7b0f1773f7dd6c1b"

[[package]]
name = "colorchoice"
version = "1.0.0"
source = "registry+https://github.com/rust-lang/crates.io-index"
checksum = "acbf1af155f9b9ef647e42cdc158db4b64a1b61f743629225fde6f3e0be2a7c7"

[[package]]
name = "console"
version = "0.15.1"
source = "registry+https://github.com/rust-lang/crates.io-index"
checksum = "89eab4d20ce20cea182308bca13088fecea9c05f6776cf287205d41a0ed3c847"
dependencies = [
 "encode_unicode",
 "libc",
 "once_cell",
 "terminal_size 0.1.17",
 "unicode-width",
 "winapi",
]

[[package]]
name = "core-foundation-sys"
version = "0.8.2"
source = "registry+https://github.com/rust-lang/crates.io-index"
checksum = "ea221b5284a47e40033bf9b66f35f984ec0ea2931eb03505246cd27a963f981b"

[[package]]
name = "cpufeatures"
version = "0.2.5"
source = "registry+https://github.com/rust-lang/crates.io-index"
checksum = "28d997bd5e24a5928dd43e46dc529867e207907fe0b239c3477d924f7f2ca320"
dependencies = [
 "libc",
]

[[package]]
name = "criterion"
version = "0.4.0"
source = "registry+https://github.com/rust-lang/crates.io-index"
checksum = "e7c76e09c1aae2bc52b3d2f29e13c6572553b30c4aa1b8a49fd70de6412654cb"
dependencies = [
 "anes",
 "atty",
 "cast",
 "ciborium",
 "clap 3.2.25",
 "criterion-plot",
 "itertools",
 "lazy_static",
 "num-traits",
 "oorandom",
 "plotters",
 "rayon",
 "regex",
 "serde",
 "serde_derive",
 "serde_json",
 "tinytemplate",
 "walkdir",
]

[[package]]
name = "criterion-plot"
version = "0.5.0"
source = "registry+https://github.com/rust-lang/crates.io-index"
checksum = "6b50826342786a51a89e2da3a28f1c32b06e387201bc2d19791f622c673706b1"
dependencies = [
 "cast",
 "itertools",
]

[[package]]
name = "crossbeam-channel"
version = "0.5.1"
source = "registry+https://github.com/rust-lang/crates.io-index"
checksum = "06ed27e177f16d65f0f0c22a213e17c696ace5dd64b14258b52f9417ccb52db4"
dependencies = [
 "cfg-if",
 "crossbeam-utils",
]

[[package]]
name = "crossbeam-deque"
version = "0.8.3"
source = "registry+https://github.com/rust-lang/crates.io-index"
checksum = "ce6fd6f855243022dcecf8702fef0c297d4338e226845fe067f6341ad9fa0cef"
dependencies = [
 "cfg-if",
 "crossbeam-epoch",
 "crossbeam-utils",
]

[[package]]
name = "crossbeam-epoch"
version = "0.9.5"
source = "registry+https://github.com/rust-lang/crates.io-index"
checksum = "4ec02e091aa634e2c3ada4a392989e7c3116673ef0ac5b72232439094d73b7fd"
dependencies = [
 "cfg-if",
 "crossbeam-utils",
 "lazy_static",
 "memoffset",
 "scopeguard",
]

[[package]]
name = "crossbeam-utils"
version = "0.8.12"
source = "registry+https://github.com/rust-lang/crates.io-index"
checksum = "edbafec5fa1f196ca66527c1b12c2ec4745ca14b50f1ad8f9f6f720b55d11fac"
dependencies = [
 "cfg-if",
]

[[package]]
name = "crossterm"
version = "0.26.1"
source = "registry+https://github.com/rust-lang/crates.io-index"
checksum = "a84cda67535339806297f1b331d6dd6320470d2a0fe65381e79ee9e156dd3d13"
dependencies = [
 "bitflags",
 "crossterm_winapi",
 "libc",
 "mio",
 "parking_lot",
 "signal-hook",
 "signal-hook-mio",
 "winapi",
]

[[package]]
name = "crossterm_winapi"
version = "0.9.1"
source = "registry+https://github.com/rust-lang/crates.io-index"
checksum = "acdd7c62a3665c7f6830a51635d9ac9b23ed385797f70a83bb8bafe9c572ab2b"
dependencies = [
 "winapi",
]

[[package]]
name = "crypto-common"
version = "0.1.6"
source = "registry+https://github.com/rust-lang/crates.io-index"
checksum = "1bfb12502f3fc46cca1bb51ac28df9d618d813cdc3d2f25b9fe775a34af26bb3"
dependencies = [
 "generic-array",
 "typenum",
]

[[package]]
name = "curl"
version = "0.4.44"
source = "registry+https://github.com/rust-lang/crates.io-index"
checksum = "509bd11746c7ac09ebd19f0b17782eae80aadee26237658a6b4808afb5c11a22"
dependencies = [
 "curl-sys",
 "libc",
 "openssl-probe",
 "openssl-sys",
 "schannel",
 "socket2",
 "winapi",
]

[[package]]
name = "curl-sys"
version = "0.4.63+curl-8.1.2"
source = "registry+https://github.com/rust-lang/crates.io-index"
checksum = "aeb0fef7046022a1e2ad67a004978f0e3cacb9e3123dc62ce768f92197b771dc"
dependencies = [
 "cc",
 "libc",
 "libz-sys",
 "openssl-sys",
 "pkg-config",
 "vcpkg",
 "winapi",
]

[[package]]
name = "digest"
version = "0.10.7"
source = "registry+https://github.com/rust-lang/crates.io-index"
checksum = "9ed9a281f7bc9b7576e61468ba615a66a5c8cfdff42420a70aa82701a3b1e292"
dependencies = [
 "block-buffer",
 "crypto-common",
]

[[package]]
name = "dirs"
version = "5.0.1"
source = "registry+https://github.com/rust-lang/crates.io-index"
checksum = "44c45a9d03d6676652bcb5e724c7e988de1acad23a711b5217ab9cbecbec2225"
dependencies = [
 "dirs-sys",
]

[[package]]
name = "dirs-sys"
version = "0.4.1"
source = "registry+https://github.com/rust-lang/crates.io-index"
checksum = "520f05a5cbd335fae5a99ff7a6ab8627577660ee5cfd6a94a6a929b52ff0321c"
dependencies = [
 "libc",
 "option-ext",
 "redox_users",
 "windows-sys 0.48.0",
]

[[package]]
name = "either"
version = "1.6.1"
source = "registry+https://github.com/rust-lang/crates.io-index"
checksum = "e78d4f1cc4ae33bbfc157ed5d5a5ef3bc29227303d595861deb238fcec4e9457"

[[package]]
name = "encode_unicode"
version = "0.3.6"
source = "registry+https://github.com/rust-lang/crates.io-index"
checksum = "a357d28ed41a50f9c765dbfe56cbc04a64e53e5fc58ba79fbc34c10ef3df831f"

[[package]]
name = "env_logger"
version = "0.8.3"
source = "registry+https://github.com/rust-lang/crates.io-index"
checksum = "17392a012ea30ef05a610aa97dfb49496e71c9f676b27879922ea5bdf60d9d3f"
dependencies = [
 "atty",
 "humantime",
 "log",
 "regex",
 "termcolor",
]

[[package]]
name = "errno"
version = "0.3.1"
source = "registry+https://github.com/rust-lang/crates.io-index"
checksum = "4bcfec3a70f97c962c307b2d2c56e358cf1d00b558d74262b5f929ee8cc7e73a"
dependencies = [
 "errno-dragonfly",
 "libc",
 "windows-sys 0.48.0",
]

[[package]]
name = "errno-dragonfly"
version = "0.1.2"
source = "registry+https://github.com/rust-lang/crates.io-index"
checksum = "aa68f1b12764fab894d2755d2518754e71b4fd80ecfb822714a1206c2aab39bf"
dependencies = [
 "cc",
 "libc",
]

[[package]]
name = "flume"
version = "0.10.14"
source = "registry+https://github.com/rust-lang/crates.io-index"
checksum = "1657b4441c3403d9f7b3409e47575237dac27b1b5726df654a6ecbf92f0f7577"
dependencies = [
 "futures-core",
 "futures-sink",
 "nanorand",
 "pin-project",
 "spin",
]

[[package]]
name = "form_urlencoded"
version = "1.0.1"
source = "registry+https://github.com/rust-lang/crates.io-index"
checksum = "5fc25a87fa4fd2094bffb06925852034d90a17f0d1e05197d4956d3555752191"
dependencies = [
 "matches",
 "percent-encoding",
]

[[package]]
name = "futures"
version = "0.3.24"
source = "registry+https://github.com/rust-lang/crates.io-index"
checksum = "7f21eda599937fba36daeb58a22e8f5cee2d14c4a17b5b7739c7c8e5e3b8230c"
dependencies = [
 "futures-channel",
 "futures-core",
 "futures-executor",
 "futures-io",
 "futures-sink",
 "futures-task",
 "futures-util",
]

[[package]]
name = "futures-channel"
version = "0.3.24"
source = "registry+https://github.com/rust-lang/crates.io-index"
checksum = "30bdd20c28fadd505d0fd6712cdfcb0d4b5648baf45faef7f852afb2399bb050"
dependencies = [
 "futures-core",
 "futures-sink",
]

[[package]]
name = "futures-core"
version = "0.3.24"
source = "registry+https://github.com/rust-lang/crates.io-index"
checksum = "4e5aa3de05362c3fb88de6531e6296e85cde7739cccad4b9dfeeb7f6ebce56bf"

[[package]]
name = "futures-executor"
version = "0.3.24"
source = "registry+https://github.com/rust-lang/crates.io-index"
checksum = "9ff63c23854bee61b6e9cd331d523909f238fc7636290b96826e9cfa5faa00ab"
dependencies = [
 "futures-core",
 "futures-task",
 "futures-util",
 "num_cpus",
]

[[package]]
name = "futures-io"
version = "0.3.24"
source = "registry+https://github.com/rust-lang/crates.io-index"
checksum = "bbf4d2a7a308fd4578637c0b17c7e1c7ba127b8f6ba00b29f717e9655d85eb68"

[[package]]
name = "futures-macro"
version = "0.3.24"
source = "registry+https://github.com/rust-lang/crates.io-index"
checksum = "42cd15d1c7456c04dbdf7e88bcd69760d74f3a798d6444e16974b505b0e62f17"
dependencies = [
 "proc-macro2",
 "quote",
 "syn 1.0.72",
]

[[package]]
name = "futures-sink"
version = "0.3.24"
source = "registry+https://github.com/rust-lang/crates.io-index"
checksum = "21b20ba5a92e727ba30e72834706623d94ac93a725410b6a6b6fbc1b07f7ba56"

[[package]]
name = "futures-task"
version = "0.3.24"
source = "registry+https://github.com/rust-lang/crates.io-index"
checksum = "a6508c467c73851293f390476d4491cf4d227dbabcd4170f3bb6044959b294f1"

[[package]]
name = "futures-util"
version = "0.3.24"
source = "registry+https://github.com/rust-lang/crates.io-index"
checksum = "44fb6cb1be61cc1d2e43b262516aafcf63b241cffdb1d3fa115f91d9c7b09c90"
dependencies = [
 "futures-channel",
 "futures-core",
 "futures-io",
 "futures-macro",
 "futures-sink",
 "futures-task",
 "memchr",
 "pin-project-lite",
 "pin-utils",
 "slab",
]

[[package]]
name = "generic-array"
version = "0.14.6"
source = "registry+https://github.com/rust-lang/crates.io-index"
checksum = "bff49e947297f3312447abdca79f45f4738097cc82b06e72054d2223f601f1b9"
dependencies = [
 "typenum",
 "version_check",
]

[[package]]
name = "getrandom"
version = "0.2.10"
source = "registry+https://github.com/rust-lang/crates.io-index"
checksum = "be4136b2a15dd319360be1c07d9933517ccf0be8f16bf62a3bee4f0d618df427"
dependencies = [
 "cfg-if",
 "js-sys",
 "libc",
 "wasi 0.11.0+wasi-snapshot-preview1",
 "wasm-bindgen",
]

[[package]]
name = "git2"
version = "0.17.2"
source = "registry+https://github.com/rust-lang/crates.io-index"
checksum = "7b989d6a7ca95a362cf2cfc5ad688b3a467be1f87e480b8dad07fee8c79b0044"
dependencies = [
 "bitflags",
 "libc",
 "libgit2-sys",
 "log",
 "openssl-probe",
 "openssl-sys",
 "url",
]

[[package]]
name = "half"
version = "1.8.2"
source = "registry+https://github.com/rust-lang/crates.io-index"
checksum = "eabb4a44450da02c90444cf74558da904edde8fb4e9035a9a6a4e15445af0bd7"

[[package]]
name = "hashbrown"
version = "0.9.1"
source = "registry+https://github.com/rust-lang/crates.io-index"
checksum = "d7afe4a420e3fe79967a00898cc1f4db7c8a49a9333a29f8a4bd76a253d5cd04"

[[package]]
name = "hermit-abi"
version = "0.1.18"
source = "registry+https://github.com/rust-lang/crates.io-index"
checksum = "322f4de77956e22ed0e5032c359a0f1273f1f7f0d79bfa3b8ffbc730d7fbcc5c"
dependencies = [
 "libc",
]

[[package]]
name = "hermit-abi"
version = "0.3.2"
source = "registry+https://github.com/rust-lang/crates.io-index"
checksum = "443144c8cdadd93ebf52ddb4056d257f5b52c04d3c804e657d19eb73fc33668b"

[[package]]
name = "hok"
version = "0.1.0-beta.2"
dependencies = [
 "anyhow",
 "clap 4.3.11",
 "crossterm",
 "env_logger",
 "indicatif",
 "libscoop",
 "regex",
 "remove_dir_all",
 "sysinfo",
]

[[package]]
name = "humantime"
version = "2.1.0"
source = "registry+https://github.com/rust-lang/crates.io-index"
checksum = "9a3a5bfb195931eeb336b2a7b4d761daec841b97f947d34394601737a7bba5e4"

[[package]]
name = "idna"
version = "0.2.3"
source = "registry+https://github.com/rust-lang/crates.io-index"
checksum = "418a0a6fab821475f634efe3ccc45c013f742efe03d853e8d3355d5cb850ecf8"
dependencies = [
 "matches",
 "unicode-bidi",
 "unicode-normalization",
]

[[package]]
name = "indexmap"
version = "1.6.2"
source = "registry+https://github.com/rust-lang/crates.io-index"
checksum = "824845a0bf897a9042383849b02c1bc219c2383772efcd5c6f9766fa4b81aef3"
dependencies = [
 "autocfg",
 "hashbrown",
]

[[package]]
name = "indicatif"
version = "0.17.5"
source = "registry+https://github.com/rust-lang/crates.io-index"
checksum = "8ff8cc23a7393a397ed1d7f56e6365cba772aba9f9912ab968b03043c395d057"
dependencies = [
 "console",
 "instant",
 "number_prefix",
 "portable-atomic",
 "unicode-width",
]

[[package]]
name = "instant"
version = "0.1.12"
source = "registry+https://github.com/rust-lang/crates.io-index"
checksum = "7a5bbe824c507c5da5956355e86a746d82e0e1464f65d862cc5e71da70e94b2c"
dependencies = [
 "cfg-if",
]

[[package]]
name = "io-lifetimes"
version = "1.0.11"
source = "registry+https://github.com/rust-lang/crates.io-index"
checksum = "eae7b9aee968036d54dce06cebaefd919e4472e753296daccd6d344e3e2df0c2"
dependencies = [
 "hermit-abi 0.3.2",
 "libc",
 "windows-sys 0.48.0",
]

[[package]]
name = "is-terminal"
version = "0.4.7"
source = "registry+https://github.com/rust-lang/crates.io-index"
checksum = "adcf93614601c8129ddf72e2d5633df827ba6551541c6d8c59520a371475be1f"
dependencies = [
 "hermit-abi 0.3.2",
 "io-lifetimes",
 "rustix",
 "windows-sys 0.48.0",
]

[[package]]
name = "itertools"
version = "0.10.3"
source = "registry+https://github.com/rust-lang/crates.io-index"
checksum = "a9a9d19fa1e79b6215ff29b9d6880b706147f16e9b1dbb1e4e5947b5b02bc5e3"
dependencies = [
 "either",
]

[[package]]
name = "itoa"
version = "0.4.7"
source = "registry+https://github.com/rust-lang/crates.io-index"
checksum = "dd25036021b0de88a0aff6b850051563c6516d0bf53f8638938edbb9de732736"

[[package]]
name = "jobserver"
version = "0.1.22"
source = "registry+https://github.com/rust-lang/crates.io-index"
checksum = "972f5ae5d1cb9c6ae417789196c803205313edde988685da5e3aae0827b9e7fd"
dependencies = [
 "libc",
]

[[package]]
name = "js-sys"
version = "0.3.51"
source = "registry+https://github.com/rust-lang/crates.io-index"
checksum = "83bdfbace3a0e81a4253f73b49e960b053e396a11012cbd49b9b74d6a2b67062"
dependencies = [
 "wasm-bindgen",
]

[[package]]
name = "lazy_static"
version = "1.4.0"
source = "registry+https://github.com/rust-lang/crates.io-index"
checksum = "e2abad23fbc42b3700f2f279844dc832adb2b2eb069b2df918f455c4e18cc646"

[[package]]
name = "lazycell"
version = "1.3.0"
source = "registry+https://github.com/rust-lang/crates.io-index"
checksum = "830d08ce1d1d941e6b30645f1a0eb5643013d835ce3779a5fc208261dbe10f55"

[[package]]
name = "libc"
version = "0.2.147"
source = "registry+https://github.com/rust-lang/crates.io-index"
checksum = "b4668fb0ea861c1df094127ac5f1da3409a82116a4ba74fca2e58ef927159bb3"

[[package]]
name = "libgit2-sys"
version = "0.15.2+1.6.4"
source = "registry+https://github.com/rust-lang/crates.io-index"
checksum = "a80df2e11fb4a61f4ba2ab42dbe7f74468da143f1a75c74e11dee7c813f694fa"
dependencies = [
 "cc",
 "libc",
 "libssh2-sys",
 "libz-sys",
 "openssl-sys",
 "pkg-config",
]

[[package]]
name = "libscoop"
version = "0.1.0-beta.2"
dependencies = [
 "chrono",
 "curl",
 "dirs",
 "flume",
 "futures",
 "git2",
 "lazycell",
 "log",
 "once_cell",
 "rayon",
 "regex",
 "remove_dir_all",
 "scoop-hash",
 "serde",
 "serde_json",
 "thiserror",
]

[[package]]
name = "libssh2-sys"
version = "0.3.0"
source = "registry+https://github.com/rust-lang/crates.io-index"
checksum = "2dc8a030b787e2119a731f1951d6a773e2280c660f8ec4b0f5e1505a386e71ee"
dependencies = [
 "cc",
 "libc",
 "libz-sys",
 "openssl-sys",
 "pkg-config",
 "vcpkg",
]

[[package]]
name = "libz-sys"
version = "1.1.3"
source = "registry+https://github.com/rust-lang/crates.io-index"
checksum = "de5435b8549c16d423ed0c03dbaafe57cf6c3344744f1242520d59c9d8ecec66"
dependencies = [
 "cc",
 "libc",
 "pkg-config",
 "vcpkg",
]

[[package]]
name = "linux-raw-sys"
version = "0.3.8"
source = "registry+https://github.com/rust-lang/crates.io-index"
checksum = "ef53942eb7bf7ff43a617b3e2c1c4a5ecf5944a7c1bc12d7ee39bbb15e5c1519"

[[package]]
name = "lock_api"
version = "0.4.6"
source = "registry+https://github.com/rust-lang/crates.io-index"
checksum = "88943dd7ef4a2e5a4bfa2753aaab3013e34ce2533d1996fb18ef591e315e2b3b"
dependencies = [
 "scopeguard",
]

[[package]]
name = "log"
version = "0.4.14"
source = "registry+https://github.com/rust-lang/crates.io-index"
checksum = "51b9bbe6c47d51fc3e1a9b945965946b4c44142ab8792c50835a980d362c2710"
dependencies = [
 "cfg-if",
]

[[package]]
name = "matches"
version = "0.1.8"
source = "registry+https://github.com/rust-lang/crates.io-index"
checksum = "7ffc5c5338469d4d3ea17d269fa8ea3512ad247247c30bd2df69e68309ed0a08"

[[package]]
name = "md-5"
version = "0.10.4"
source = "registry+https://github.com/rust-lang/crates.io-index"
checksum = "66b48670c893079d3c2ed79114e3644b7004df1c361a4e0ad52e2e6940d07c3d"
dependencies = [
 "digest",
]

[[package]]
name = "memchr"
version = "2.5.0"
source = "registry+https://github.com/rust-lang/crates.io-index"
checksum = "2dffe52ecf27772e601905b7522cb4ef790d2cc203488bbd0e2fe85fcb74566d"

[[package]]
name = "memoffset"
version = "0.6.4"
source = "registry+https://github.com/rust-lang/crates.io-index"
checksum = "59accc507f1338036a0477ef61afdae33cde60840f4dfe481319ce3ad116ddf9"
dependencies = [
 "autocfg",
]

[[package]]
name = "mio"
version = "0.8.6"
source = "registry+https://github.com/rust-lang/crates.io-index"
checksum = "5b9d9a46eff5b4ff64b45a9e316a6d1e0bc719ef429cbec4dc630684212bfdf9"
dependencies = [
 "libc",
 "log",
 "wasi 0.11.0+wasi-snapshot-preview1",
 "windows-sys 0.45.0",
]

[[package]]
name = "nanorand"
version = "0.7.0"
source = "registry+https://github.com/rust-lang/crates.io-index"
checksum = "6a51313c5820b0b02bd422f4b44776fbf47961755c74ce64afc73bfad10226c3"
dependencies = [
 "getrandom",
]

[[package]]
name = "ntapi"
version = "0.4.1"
source = "registry+https://github.com/rust-lang/crates.io-index"
checksum = "e8a3895c6391c39d7fe7ebc444a87eb2991b2a0bc718fdabd071eec617fc68e4"
dependencies = [
 "winapi",
]

[[package]]
name = "num-integer"
version = "0.1.44"
source = "registry+https://github.com/rust-lang/crates.io-index"
checksum = "d2cc698a63b549a70bc047073d2949cce27cd1c7b0a4a862d08a8031bc2801db"
dependencies = [
 "autocfg",
 "num-traits",
]

[[package]]
name = "num-traits"
version = "0.2.14"
source = "registry+https://github.com/rust-lang/crates.io-index"
checksum = "9a64b1ec5cda2586e284722486d802acf1f7dbdc623e2bfc57e65ca1cd099290"
dependencies = [
 "autocfg",
]

[[package]]
name = "num_cpus"
version = "1.13.0"
source = "registry+https://github.com/rust-lang/crates.io-index"
checksum = "05499f3756671c15885fee9034446956fff3f243d6077b91e5767df161f766b3"
dependencies = [
 "hermit-abi 0.1.18",
 "libc",
]

[[package]]
name = "number_prefix"
version = "0.4.0"
source = "registry+https://github.com/rust-lang/crates.io-index"
checksum = "830b246a0e5f20af87141b25c173cd1b609bd7779a4617d6ec582abaf90870f3"

[[package]]
name = "once_cell"
version = "1.18.0"
source = "registry+https://github.com/rust-lang/crates.io-index"
checksum = "dd8b5dd2ae5ed71462c540258bedcb51965123ad7e7ccf4b9a8cafaa4a63576d"

[[package]]
name = "oorandom"
version = "11.1.3"
source = "registry+https://github.com/rust-lang/crates.io-index"
checksum = "0ab1bc2a289d34bd04a330323ac98a1b4bc82c9d9fcb1e66b63caa84da26b575"

[[package]]
name = "openssl-probe"
version = "0.1.4"
source = "registry+https://github.com/rust-lang/crates.io-index"
checksum = "28988d872ab76095a6e6ac88d99b54fd267702734fd7ffe610ca27f533ddb95a"

[[package]]
name = "openssl-sys"
version = "0.9.63"
source = "registry+https://github.com/rust-lang/crates.io-index"
checksum = "b6b0d6fb7d80f877617dfcb014e605e2b5ab2fb0afdf27935219bb6bd984cb98"
dependencies = [
 "autocfg",
 "cc",
 "libc",
 "pkg-config",
 "vcpkg",
]

[[package]]
name = "option-ext"
version = "0.2.0"
source = "registry+https://github.com/rust-lang/crates.io-index"
checksum = "04744f49eae99ab78e0d5c0b603ab218f515ea8cfe5a456d7629ad883a3b6e7d"

[[package]]
name = "os_str_bytes"
version = "6.5.1"
source = "registry+https://github.com/rust-lang/crates.io-index"
checksum = "4d5d9eb14b174ee9aa2ef96dc2b94637a2d4b6e7cb873c7e171f0c20c6cf3eac"

[[package]]
name = "parking_lot"
version = "0.12.1"
source = "registry+https://github.com/rust-lang/crates.io-index"
checksum = "3742b2c103b9f06bc9fff0a37ff4912935851bee6d36f3c02bcc755bcfec228f"
dependencies = [
 "lock_api",
 "parking_lot_core",
]

[[package]]
name = "parking_lot_core"
version = "0.9.7"
source = "registry+https://github.com/rust-lang/crates.io-index"
checksum = "9069cbb9f99e3a5083476ccb29ceb1de18b9118cafa53e90c9551235de2b9521"
dependencies = [
 "cfg-if",
 "libc",
 "redox_syscall",
 "smallvec",
 "windows-sys 0.45.0",
]

[[package]]
name = "percent-encoding"
version = "2.1.0"
source = "registry+https://github.com/rust-lang/crates.io-index"
checksum = "d4fd5641d01c8f18a23da7b6fe29298ff4b55afcccdf78973b24cf3175fee32e"

[[package]]
name = "pin-project"
version = "1.1.2"
source = "registry+https://github.com/rust-lang/crates.io-index"
checksum = "030ad2bc4db10a8944cb0d837f158bdfec4d4a4873ab701a95046770d11f8842"
dependencies = [
 "pin-project-internal",
]

[[package]]
name = "pin-project-internal"
version = "1.1.2"
source = "registry+https://github.com/rust-lang/crates.io-index"
checksum = "ec2e072ecce94ec471b13398d5402c188e76ac03cf74dd1a975161b23a3f6d9c"
dependencies = [
 "proc-macro2",
 "quote",
 "syn 2.0.27",
]

[[package]]
name = "pin-project-lite"
version = "0.2.10"
source = "registry+https://github.com/rust-lang/crates.io-index"
checksum = "4c40d25201921e5ff0c862a505c6557ea88568a4e3ace775ab55e93f2f4f9d57"

[[package]]
name = "pin-utils"
version = "0.1.0"
source = "registry+https://github.com/rust-lang/crates.io-index"
checksum = "8b870d8c151b6f2fb93e84a13146138f05d02ed11c7e7c54f8826aaaf7c9f184"

[[package]]
name = "pkg-config"
version = "0.3.19"
source = "registry+https://github.com/rust-lang/crates.io-index"
checksum = "3831453b3449ceb48b6d9c7ad7c96d5ea673e9b470a1dc578c2ce6521230884c"

[[package]]
name = "plotters"
version = "0.3.4"
source = "registry+https://github.com/rust-lang/crates.io-index"
checksum = "2538b639e642295546c50fcd545198c9d64ee2a38620a628724a3b266d5fbf97"
dependencies = [
 "num-traits",
 "plotters-backend",
 "plotters-svg",
 "wasm-bindgen",
 "web-sys",
]

[[package]]
name = "plotters-backend"
version = "0.3.4"
source = "registry+https://github.com/rust-lang/crates.io-index"
checksum = "193228616381fecdc1224c62e96946dfbc73ff4384fba576e052ff8c1bea8142"

[[package]]
name = "plotters-svg"
version = "0.3.3"
source = "registry+https://github.com/rust-lang/crates.io-index"
checksum = "f9a81d2759aae1dae668f783c308bc5c8ebd191ff4184aaa1b37f65a6ae5a56f"
dependencies = [
 "plotters-backend",
]

[[package]]
name = "portable-atomic"
version = "1.4.2"
source = "registry+https://github.com/rust-lang/crates.io-index"
checksum = "f32154ba0af3a075eefa1eda8bb414ee928f62303a54ea85b8d6638ff1a6ee9e"

[[package]]
name = "proc-macro2"
version = "1.0.66"
source = "registry+https://github.com/rust-lang/crates.io-index"
checksum = "18fb31db3f9bddb2ea821cde30a9f70117e3f119938b5ee630b7403aa6e2ead9"
dependencies = [
 "unicode-ident",
]

[[package]]
name = "quote"
version = "1.0.31"
source = "registry+https://github.com/rust-lang/crates.io-index"
checksum = "5fe8a65d69dd0808184ebb5f836ab526bb259db23c657efa38711b1072ee47f0"
dependencies = [
 "proc-macro2",
]

[[package]]
name = "rayon"
version = "1.7.0"
source = "registry+https://github.com/rust-lang/crates.io-index"
checksum = "1d2df5196e37bcc87abebc0053e20787d73847bb33134a69841207dd0a47f03b"
dependencies = [
 "either",
 "rayon-core",
]

[[package]]
name = "rayon-core"
version = "1.11.0"
source = "registry+https://github.com/rust-lang/crates.io-index"
checksum = "4b8f95bd6966f5c87776639160a66bd8ab9895d9d4ab01ddba9fc60661aebe8d"
dependencies = [
 "crossbeam-channel",
 "crossbeam-deque",
 "crossbeam-utils",
 "num_cpus",
]

[[package]]
name = "redox_syscall"
version = "0.2.8"
source = "registry+https://github.com/rust-lang/crates.io-index"
checksum = "742739e41cd49414de871ea5e549afb7e2a3ac77b589bcbebe8c82fab37147fc"
dependencies = [
 "bitflags",
]

[[package]]
name = "redox_users"
version = "0.4.0"
source = "registry+https://github.com/rust-lang/crates.io-index"
checksum = "528532f3d801c87aec9def2add9ca802fe569e44a544afe633765267840abe64"
dependencies = [
 "getrandom",
 "redox_syscall",
]

[[package]]
name = "regex"
version = "1.9.1"
source = "registry+https://github.com/rust-lang/crates.io-index"
checksum = "b2eae68fc220f7cf2532e4494aded17545fce192d59cd996e0fe7887f4ceb575"
dependencies = [
 "aho-corasick",
 "memchr",
 "regex-automata",
 "regex-syntax",
]

[[package]]
name = "regex-automata"
version = "0.3.3"
source = "registry+https://github.com/rust-lang/crates.io-index"
checksum = "39354c10dd07468c2e73926b23bb9c2caca74c5501e38a35da70406f1d923310"
dependencies = [
 "aho-corasick",
 "memchr",
 "regex-syntax",
]

[[package]]
name = "regex-syntax"
version = "0.7.4"
source = "registry+https://github.com/rust-lang/crates.io-index"
checksum = "e5ea92a5b6195c6ef2a0295ea818b312502c6fc94dde986c5553242e18fd4ce2"

[[package]]
name = "remove_dir_all"
version = "0.7.0"
source = "registry+https://github.com/rust-lang/crates.io-index"
checksum = "882f368737489ea543bc5c340e6f3d34a28c39980bd9a979e47322b26f60ac40"
dependencies = [
 "libc",
 "log",
 "num_cpus",
 "rayon",
 "winapi",
]

[[package]]
name = "rustix"
version = "0.37.13"
source = "registry+https://github.com/rust-lang/crates.io-index"
checksum = "f79bef90eb6d984c72722595b5b1348ab39275a5e5123faca6863bf07d75a4e0"
dependencies = [
 "bitflags",
 "errno",
 "io-lifetimes",
 "libc",
 "linux-raw-sys",
 "windows-sys 0.48.0",
]

[[package]]
name = "ryu"
version = "1.0.5"
source = "registry+https://github.com/rust-lang/crates.io-index"
checksum = "71d301d4193d031abdd79ff7e3dd721168a9572ef3fe51a1517aba235bd8f86e"

[[package]]
name = "same-file"
version = "1.0.6"
source = "registry+https://github.com/rust-lang/crates.io-index"
checksum = "93fc1dc3aaa9bfed95e02e6eadabb4baf7e3078b0bd1b4d7b6b0b68378900502"
dependencies = [
 "winapi-util",
]

[[package]]
name = "schannel"
version = "0.1.22"
source = "registry+https://github.com/rust-lang/crates.io-index"
checksum = "0c3733bf4cf7ea0880754e19cb5a462007c4a8c1914bff372ccc95b464f1df88"
dependencies = [
 "windows-sys 0.48.0",
]

[[package]]
name = "scoop-hash"
version = "0.1.0-beta.2"
dependencies = [
 "criterion",
 "md-5",
 "sha1",
 "sha2",
]

[[package]]
name = "scopeguard"
version = "1.1.0"
source = "registry+https://github.com/rust-lang/crates.io-index"
checksum = "d29ab0c6d3fc0ee92fe66e2d99f700eab17a8d57d1c1d3b748380fb20baa78cd"

[[package]]
name = "serde"
version = "1.0.126"
source = "registry+https://github.com/rust-lang/crates.io-index"
checksum = "ec7505abeacaec74ae4778d9d9328fe5a5d04253220a85c4ee022239fc996d03"
dependencies = [
 "serde_derive",
]

[[package]]
name = "serde_derive"
version = "1.0.126"
source = "registry+https://github.com/rust-lang/crates.io-index"
checksum = "963a7dbc9895aeac7ac90e74f34a5d5261828f79df35cbed41e10189d3804d43"
dependencies = [
 "proc-macro2",
 "quote",
 "syn 1.0.72",
]

[[package]]
name = "serde_json"
version = "1.0.64"
source = "registry+https://github.com/rust-lang/crates.io-index"
checksum = "799e97dc9fdae36a5c8b8f2cae9ce2ee9fdce2058c57a93e6099d919fd982f79"
dependencies = [
 "itoa",
 "ryu",
 "serde",
]

[[package]]
name = "sha1"
version = "0.10.4"
source = "registry+https://github.com/rust-lang/crates.io-index"
checksum = "006769ba83e921b3085caa8334186b00cf92b4cb1a6cf4632fbccc8eff5c7549"
dependencies = [
 "cfg-if",
 "cpufeatures",
 "digest",
]

[[package]]
name = "sha2"
version = "0.10.7"
source = "registry+https://github.com/rust-lang/crates.io-index"
checksum = "479fb9d862239e610720565ca91403019f2f00410f1864c5aa7479b950a76ed8"
dependencies = [
 "cfg-if",
 "cpufeatures",
 "digest",
]

[[package]]
name = "signal-hook"
version = "0.3.15"
source = "registry+https://github.com/rust-lang/crates.io-index"
checksum = "732768f1176d21d09e076c23a93123d40bba92d50c4058da34d45c8de8e682b9"
dependencies = [
 "libc",
 "signal-hook-registry",
]

[[package]]
name = "signal-hook-mio"
version = "0.2.3"
source = "registry+https://github.com/rust-lang/crates.io-index"
checksum = "29ad2e15f37ec9a6cc544097b78a1ec90001e9f71b81338ca39f430adaca99af"
dependencies = [
 "libc",
 "mio",
 "signal-hook",
]

[[package]]
name = "signal-hook-registry"
version = "1.4.0"
source = "registry+https://github.com/rust-lang/crates.io-index"
checksum = "e51e73328dc4ac0c7ccbda3a494dfa03df1de2f46018127f60c693f2648455b0"
dependencies = [
 "libc",
]

[[package]]
name = "slab"
version = "0.4.3"
source = "registry+https://github.com/rust-lang/crates.io-index"
checksum = "f173ac3d1a7e3b28003f40de0b5ce7fe2710f9b9dc3fc38664cebee46b3b6527"

[[package]]
name = "smallvec"
version = "1.6.1"
source = "registry+https://github.com/rust-lang/crates.io-index"
checksum = "fe0f37c9e8f3c5a4a66ad655a93c74daac4ad00c441533bf5c6e7990bb42604e"

[[package]]
name = "socket2"
version = "0.4.9"
source = "registry+https://github.com/rust-lang/crates.io-index"
checksum = "64a4a911eed85daf18834cfaa86a79b7d266ff93ff5ba14005426219480ed662"
dependencies = [
 "libc",
 "winapi",
]

[[package]]
name = "spin"
version = "0.9.8"
source = "registry+https://github.com/rust-lang/crates.io-index"
checksum = "6980e8d7511241f8acf4aebddbb1ff938df5eebe98691418c4468d0b72a96a67"
dependencies = [
 "lock_api",
]

[[package]]
name = "strsim"
version = "0.10.0"
source = "registry+https://github.com/rust-lang/crates.io-index"
checksum = "73473c0e59e6d5812c5dfe2a064a6444949f089e20eec9a2e5506596494e4623"

[[package]]
name = "syn"
version = "1.0.72"
source = "registry+https://github.com/rust-lang/crates.io-index"
checksum = "a1e8cdbefb79a9a5a65e0db8b47b723ee907b7c7f8496c76a1770b5c310bab82"
dependencies = [
 "proc-macro2",
 "quote",
 "unicode-xid",
]

[[package]]
name = "syn"
version = "2.0.27"
source = "registry+https://github.com/rust-lang/crates.io-index"
checksum = "b60f673f44a8255b9c8c657daf66a596d435f2da81a555b06dc644d080ba45e0"
dependencies = [
 "proc-macro2",
 "quote",
 "unicode-ident",
]

[[package]]
name = "sysinfo"
version = "0.29.0"
source = "registry+https://github.com/rust-lang/crates.io-index"
checksum = "02f1dc6930a439cc5d154221b5387d153f8183529b07c19aca24ea31e0a167e1"
dependencies = [
 "cfg-if",
 "core-foundation-sys",
 "libc",
 "ntapi",
 "once_cell",
 "rayon",
 "winapi",
]

[[package]]
name = "termcolor"
version = "1.1.2"
source = "registry+https://github.com/rust-lang/crates.io-index"
checksum = "2dfed899f0eb03f32ee8c6a0aabdb8a7949659e3466561fc0adf54e26d88c5f4"
dependencies = [
 "winapi-util",
]

[[package]]
name = "terminal_size"
version = "0.1.17"
source = "registry+https://github.com/rust-lang/crates.io-index"
checksum = "633c1a546cee861a1a6d0dc69ebeca693bf4296661ba7852b9d21d159e0506df"
dependencies = [
 "libc",
 "winapi",
]

[[package]]
name = "terminal_size"
version = "0.2.6"
source = "registry+https://github.com/rust-lang/crates.io-index"
checksum = "8e6bf6f19e9f8ed8d4048dc22981458ebcf406d67e94cd422e5ecd73d63b3237"
dependencies = [
 "rustix",
 "windows-sys 0.48.0",
]

[[package]]
name = "textwrap"
version = "0.16.0"
source = "registry+https://github.com/rust-lang/crates.io-index"
checksum = "222a222a5bfe1bba4a77b45ec488a741b3cb8872e5e499451fd7d0129c9c7c3d"

[[package]]
name = "thiserror"
version = "1.0.26"
source = "registry+https://github.com/rust-lang/crates.io-index"
checksum = "93119e4feac1cbe6c798c34d3a53ea0026b0b1de6a120deef895137c0529bfe2"
dependencies = [
 "thiserror-impl",
]

[[package]]
name = "thiserror-impl"
version = "1.0.26"
source = "registry+https://github.com/rust-lang/crates.io-index"
checksum = "060d69a0afe7796bf42e9e2ff91f5ee691fb15c53d38b4b62a9a53eb23164745"
dependencies = [
 "proc-macro2",
 "quote",
 "syn 1.0.72",
]

[[package]]
name = "time"
version = "0.1.44"
source = "registry+https://github.com/rust-lang/crates.io-index"
checksum = "6db9e6914ab8b1ae1c260a4ae7a49b6c5611b40328a735b21862567685e73255"
dependencies = [
 "libc",
 "wasi 0.10.0+wasi-snapshot-preview1",
 "winapi",
]

[[package]]
name = "tinytemplate"
version = "1.2.1"
source = "registry+https://github.com/rust-lang/crates.io-index"
checksum = "be4d6b5f19ff7664e8c98d03e2139cb510db9b0a60b55f8e8709b689d939b6bc"
dependencies = [
 "serde",
 "serde_json",
]

[[package]]
name = "tinyvec"
version = "1.2.0"
source = "registry+https://github.com/rust-lang/crates.io-index"
checksum = "5b5220f05bb7de7f3f53c7c065e1199b3172696fe2db9f9c4d8ad9b4ee74c342"
dependencies = [
 "tinyvec_macros",
]

[[package]]
name = "tinyvec_macros"
version = "0.1.0"
source = "registry+https://github.com/rust-lang/crates.io-index"
checksum = "cda74da7e1a664f795bb1f8a87ec406fb89a02522cf6e50620d016add6dbbf5c"

[[package]]
name = "typenum"
version = "1.15.0"
source = "registry+https://github.com/rust-lang/crates.io-index"
checksum = "dcf81ac59edc17cc8697ff311e8f5ef2d99fcbd9817b34cec66f90b6c3dfd987"

[[package]]
name = "unicode-bidi"
version = "0.3.5"
source = "registry+https://github.com/rust-lang/crates.io-index"
checksum = "eeb8be209bb1c96b7c177c7420d26e04eccacb0eeae6b980e35fcb74678107e0"
dependencies = [
 "matches",
]

[[package]]
name = "unicode-ident"
version = "1.0.11"
source = "registry+https://github.com/rust-lang/crates.io-index"
checksum = "301abaae475aa91687eb82514b328ab47a211a533026cb25fc3e519b86adfc3c"

[[package]]
name = "unicode-normalization"
version = "0.1.19"
source = "registry+https://github.com/rust-lang/crates.io-index"
checksum = "d54590932941a9e9266f0832deed84ebe1bf2e4c9e4a3554d393d18f5e854bf9"
dependencies = [
 "tinyvec",
]

[[package]]
name = "unicode-width"
version = "0.1.8"
source = "registry+https://github.com/rust-lang/crates.io-index"
checksum = "9337591893a19b88d8d87f2cec1e73fad5cdfd10e5a6f349f498ad6ea2ffb1e3"

[[package]]
name = "unicode-xid"
version = "0.2.2"
source = "registry+https://github.com/rust-lang/crates.io-index"
checksum = "8ccb82d61f80a663efe1f787a51b16b5a51e3314d6ac365b08639f52387b33f3"

[[package]]
name = "url"
version = "2.2.2"
source = "registry+https://github.com/rust-lang/crates.io-index"
checksum = "a507c383b2d33b5fc35d1861e77e6b383d158b2da5e14fe51b83dfedf6fd578c"
dependencies = [
 "form_urlencoded",
 "idna",
 "matches",
 "percent-encoding",
]

[[package]]
name = "utf8parse"
version = "0.2.1"
source = "registry+https://github.com/rust-lang/crates.io-index"
checksum = "711b9620af191e0cdc7468a8d14e709c3dcdb115b36f838e601583af800a370a"

[[package]]
name = "vcpkg"
version = "0.2.13"
source = "registry+https://github.com/rust-lang/crates.io-index"
checksum = "025ce40a007e1907e58d5bc1a594def78e5573bb0b1160bc389634e8f12e4faa"

[[package]]
name = "version_check"
version = "0.9.4"
source = "registry+https://github.com/rust-lang/crates.io-index"
checksum = "49874b5167b65d7193b8aba1567f5c7d93d001cafc34600cee003eda787e483f"

[[package]]
name = "walkdir"
version = "2.3.2"
source = "registry+https://github.com/rust-lang/crates.io-index"
checksum = "808cf2735cd4b6866113f648b791c6adc5714537bc222d9347bb203386ffda56"
dependencies = [
 "same-file",
 "winapi",
 "winapi-util",
]

[[package]]
name = "wasi"
version = "0.10.0+wasi-snapshot-preview1"
source = "registry+https://github.com/rust-lang/crates.io-index"
checksum = "1a143597ca7c7793eff794def352d41792a93c481eb1042423ff7ff72ba2c31f"

[[package]]
name = "wasi"
version = "0.11.0+wasi-snapshot-preview1"
source = "registry+https://github.com/rust-lang/crates.io-index"
checksum = "9c8d87e72b64a3b4db28d11ce29237c246188f4f51057d65a7eab63b7987e423"

[[package]]
name = "wasm-bindgen"
version = "0.2.74"
source = "registry+https://github.com/rust-lang/crates.io-index"
checksum = "d54ee1d4ed486f78874278e63e4069fc1ab9f6a18ca492076ffb90c5eb2997fd"
dependencies = [
 "cfg-if",
 "wasm-bindgen-macro",
]

[[package]]
name = "wasm-bindgen-backend"
version = "0.2.74"
source = "registry+https://github.com/rust-lang/crates.io-index"
checksum = "3b33f6a0694ccfea53d94db8b2ed1c3a8a4c86dd936b13b9f0a15ec4a451b900"
dependencies = [
 "bumpalo",
 "lazy_static",
 "log",
 "proc-macro2",
 "quote",
 "syn 1.0.72",
 "wasm-bindgen-shared",
]

[[package]]
name = "wasm-bindgen-macro"
version = "0.2.74"
source = "registry+https://github.com/rust-lang/crates.io-index"
checksum = "088169ca61430fe1e58b8096c24975251700e7b1f6fd91cc9d59b04fb9b18bd4"
dependencies = [
 "quote",
 "wasm-bindgen-macro-support",
]

[[package]]
name = "wasm-bindgen-macro-support"
version = "0.2.74"
source = "registry+https://github.com/rust-lang/crates.io-index"
checksum = "be2241542ff3d9f241f5e2cb6dd09b37efe786df8851c54957683a49f0987a97"
dependencies = [
 "proc-macro2",
 "quote",
 "syn 1.0.72",
 "wasm-bindgen-backend",
 "wasm-bindgen-shared",
]

[[package]]
name = "wasm-bindgen-shared"
version = "0.2.74"
source = "registry+https://github.com/rust-lang/crates.io-index"
checksum = "d7cff876b8f18eed75a66cf49b65e7f967cb354a7aa16003fb55dbfd25b44b4f"

[[package]]
name = "web-sys"
version = "0.3.51"
source = "registry+https://github.com/rust-lang/crates.io-index"
checksum = "e828417b379f3df7111d3a2a9e5753706cae29c41f7c4029ee9fd77f3e09e582"
dependencies = [
 "js-sys",
 "wasm-bindgen",
]

[[package]]
name = "winapi"
version = "0.3.9"
source = "registry+https://github.com/rust-lang/crates.io-index"
checksum = "5c839a674fcd7a98952e593242ea400abe93992746761e38641405d28b00f419"
dependencies = [
 "winapi-i686-pc-windows-gnu",
 "winapi-x86_64-pc-windows-gnu",
]

[[package]]
name = "winapi-i686-pc-windows-gnu"
version = "0.4.0"
source = "registry+https://github.com/rust-lang/crates.io-index"
checksum = "ac3b87c63620426dd9b991e5ce0329eff545bccbbb34f3be09ff6fb6ab51b7b6"

[[package]]
name = "winapi-util"
version = "0.1.5"
source = "registry+https://github.com/rust-lang/crates.io-index"
checksum = "70ec6ce85bb158151cae5e5c87f95a8e97d2c0c4b001223f33a334e3ce5de178"
dependencies = [
 "winapi",
]

[[package]]
name = "winapi-x86_64-pc-windows-gnu"
version = "0.4.0"
source = "registry+https://github.com/rust-lang/crates.io-index"
checksum = "712e227841d057c1ee1cd2fb22fa7e5a5461ae8e48fa2ca79ec42cfc1931183f"

[[package]]
name = "windows-sys"
version = "0.45.0"
source = "registry+https://github.com/rust-lang/crates.io-index"
checksum = "75283be5efb2831d37ea142365f009c02ec203cd29a3ebecbc093d52315b66d0"
dependencies = [
 "windows-targets 0.42.2",
]

[[package]]
name = "windows-sys"
version = "0.48.0"
source = "registry+https://github.com/rust-lang/crates.io-index"
checksum = "677d2418bec65e3338edb076e806bc1ec15693c5d0104683f2efe857f61056a9"
dependencies = [
 "windows-targets 0.48.1",
]

[[package]]
name = "windows-targets"
version = "0.42.2"
source = "registry+https://github.com/rust-lang/crates.io-index"
checksum = "8e5180c00cd44c9b1c88adb3693291f1cd93605ded80c250a75d472756b4d071"
dependencies = [
 "windows_aarch64_gnullvm 0.42.2",
 "windows_aarch64_msvc 0.42.2",
 "windows_i686_gnu 0.42.2",
 "windows_i686_msvc 0.42.2",
 "windows_x86_64_gnu 0.42.2",
 "windows_x86_64_gnullvm 0.42.2",
 "windows_x86_64_msvc 0.42.2",
]

[[package]]
name = "windows-targets"
version = "0.48.1"
source = "registry+https://github.com/rust-lang/crates.io-index"
checksum = "05d4b17490f70499f20b9e791dcf6a299785ce8af4d709018206dc5b4953e95f"
dependencies = [
 "windows_aarch64_gnullvm 0.48.0",
 "windows_aarch64_msvc 0.48.0",
 "windows_i686_gnu 0.48.0",
 "windows_i686_msvc 0.48.0",
 "windows_x86_64_gnu 0.48.0",
 "windows_x86_64_gnullvm 0.48.0",
 "windows_x86_64_msvc 0.48.0",
]

[[package]]
name = "windows_aarch64_gnullvm"
version = "0.42.2"
source = "registry+https://github.com/rust-lang/crates.io-index"
checksum = "597a5118570b68bc08d8d59125332c54f1ba9d9adeedeef5b99b02ba2b0698f8"

[[package]]
name = "windows_aarch64_gnullvm"
version = "0.48.0"
source = "registry+https://github.com/rust-lang/crates.io-index"
checksum = "91ae572e1b79dba883e0d315474df7305d12f569b400fcf90581b06062f7e1bc"

[[package]]
name = "windows_aarch64_msvc"
version = "0.42.2"
source = "registry+https://github.com/rust-lang/crates.io-index"
checksum = "e08e8864a60f06ef0d0ff4ba04124db8b0fb3be5776a5cd47641e942e58c4d43"

[[package]]
name = "windows_aarch64_msvc"
version = "0.48.0"
source = "registry+https://github.com/rust-lang/crates.io-index"
checksum = "b2ef27e0d7bdfcfc7b868b317c1d32c641a6fe4629c171b8928c7b08d98d7cf3"

[[package]]
name = "windows_i686_gnu"
version = "0.42.2"
source = "registry+https://github.com/rust-lang/crates.io-index"
checksum = "c61d927d8da41da96a81f029489353e68739737d3beca43145c8afec9a31a84f"

[[package]]
name = "windows_i686_gnu"
version = "0.48.0"
source = "registry+https://github.com/rust-lang/crates.io-index"
checksum = "622a1962a7db830d6fd0a69683c80a18fda201879f0f447f065a3b7467daa241"

[[package]]
name = "windows_i686_msvc"
version = "0.42.2"
source = "registry+https://github.com/rust-lang/crates.io-index"
checksum = "44d840b6ec649f480a41c8d80f9c65108b92d89345dd94027bfe06ac444d1060"

[[package]]
name = "windows_i686_msvc"
version = "0.48.0"
source = "registry+https://github.com/rust-lang/crates.io-index"
checksum = "4542c6e364ce21bf45d69fdd2a8e455fa38d316158cfd43b3ac1c5b1b19f8e00"

[[package]]
name = "windows_x86_64_gnu"
version = "0.42.2"
source = "registry+https://github.com/rust-lang/crates.io-index"
checksum = "8de912b8b8feb55c064867cf047dda097f92d51efad5b491dfb98f6bbb70cb36"

[[package]]
name = "windows_x86_64_gnu"
version = "0.48.0"
source = "registry+https://github.com/rust-lang/crates.io-index"
checksum = "ca2b8a661f7628cbd23440e50b05d705db3686f894fc9580820623656af974b1"

[[package]]
name = "windows_x86_64_gnullvm"
version = "0.42.2"
source = "registry+https://github.com/rust-lang/crates.io-index"
checksum = "26d41b46a36d453748aedef1486d5c7a85db22e56aff34643984ea85514e94a3"

[[package]]
name = "windows_x86_64_gnullvm"
version = "0.48.0"
source = "registry+https://github.com/rust-lang/crates.io-index"
checksum = "7896dbc1f41e08872e9d5e8f8baa8fdd2677f29468c4e156210174edc7f7b953"

[[package]]
name = "windows_x86_64_msvc"
version = "0.42.2"
source = "registry+https://github.com/rust-lang/crates.io-index"
checksum = "9aec5da331524158c6d1a4ac0ab1541149c0b9505fde06423b02f5ef0106b9f0"

[[package]]
name = "windows_x86_64_msvc"
version = "0.48.0"
source = "registry+https://github.com/rust-lang/crates.io-index"
checksum = "1a515f5799fe4961cb532f983ce2b23082366b898e52ffbce459c86f67c8378a"
